
Microsoft Visual Studio Solution File, Format Version 12.00
# Visual Studio Version 16
VisualStudioVersion = 16.0.31702.278
MinimumVisualStudioVersion = 10.0.40219.1
Project("{9A19103F-16F7-4668-BE54-9A1E7A4F7556}") = "CardBasedGames", "CardBasedGames\CardBasedGames.csproj", "{3886DE7F-7320-4434-97A5-0D529563FAF3}"
EndProject
Global
	GlobalSection(SolutionConfigurationPlatforms) = preSolution
		Debug|Any CPU = Debug|Any CPU
		Release|Any CPU = Release|Any CPU
	EndGlobalSection
	GlobalSection(ProjectConfigurationPlatforms) = postSolution
		{3886DE7F-7320-4434-97A5-0D529563FAF3}.Debug|Any CPU.ActiveCfg = Debug|Any CPU
		{3886DE7F-7320-4434-97A5-0D529563FAF3}.Debug|Any CPU.Build.0 = Debug|Any CPU
		{3886DE7F-7320-4434-97A5-0D529563FAF3}.Release|Any CPU.ActiveCfg = Release|Any CPU
		{3886DE7F-7320-4434-97A5-0D529563FAF3}.Release|Any CPU.Build.0 = Release|Any CPU
	EndGlobalSection
	GlobalSection(SolutionProperties) = preSolution
		HideSolutionNode = FALSE
	EndGlobalSection
	GlobalSection(ExtensibilityGlobals) = postSolution
		SolutionGuid = {01BEB069-1B5E-4358-A2BD-AA03925F161D}
	EndGlobalSection
EndGlobal
